
Microsoft Visual Studio Solution File, Format Version 12.00
# Visual Studio Version 17
VisualStudioVersion = 17.7.34202.233
MinimumVisualStudioVersion = 10.0.40219.1
Project("{FAE04EC0-301F-11D3-BF4B-00C04F79EFBC}") = "WPF 005", "WPF 005\WPF 005.csproj", "{56657EBC-C1DA-43A1-A4D0-355FD7D3C251}"
EndProject
Global
	GlobalSection(SolutionConfigurationPlatforms) = preSolution
		Debug|Any CPU = Debug|Any CPU
		Release|Any CPU = Release|Any CPU
	EndGlobalSection
	GlobalSection(ProjectConfigurationPlatforms) = postSolution
		{56657EBC-C1DA-43A1-A4D0-355FD7D3C251}.Debug|Any CPU.ActiveCfg = Debug|Any CPU
		{56657EBC-C1DA-43A1-A4D0-355FD7D3C251}.Debug|Any CPU.Build.0 = Debug|Any CPU
		{56657EBC-C1DA-43A1-A4D0-355FD7D3C251}.Release|Any CPU.ActiveCfg = Release|Any CPU
		{56657EBC-C1DA-43A1-A4D0-355FD7D3C251}.Release|Any CPU.Build.0 = Release|Any CPU
	EndGlobalSection
	GlobalSection(SolutionProperties) = preSolution
		HideSolutionNode = FALSE
	EndGlobalSection
	GlobalSection(ExtensibilityGlobals) = postSolution
		SolutionGuid = {440E07B2-1FBB-4235-9EAF-453FD77CA662}
	EndGlobalSection
EndGlobal
