
Microsoft Visual Studio Solution File, Format Version 12.00
# Visual Studio Version 17
VisualStudioVersion = 17.7.34202.233
MinimumVisualStudioVersion = 10.0.40219.1
Project("{FAE04EC0-301F-11D3-BF4B-00C04F79EFBC}") = "WPF 006", "WPF 006\WPF 006.csproj", "{B15F936E-EACE-4F4E-AE45-B037FD235DB1}"
EndProject
Global
	GlobalSection(SolutionConfigurationPlatforms) = preSolution
		Debug|Any CPU = Debug|Any CPU
		Release|Any CPU = Release|Any CPU
	EndGlobalSection
	GlobalSection(ProjectConfigurationPlatforms) = postSolution
		{B15F936E-EACE-4F4E-AE45-B037FD235DB1}.Debug|Any CPU.ActiveCfg = Debug|Any CPU
		{B15F936E-EACE-4F4E-AE45-B037FD235DB1}.Debug|Any CPU.Build.0 = Debug|Any CPU
		{B15F936E-EACE-4F4E-AE45-B037FD235DB1}.Release|Any CPU.ActiveCfg = Release|Any CPU
		{B15F936E-EACE-4F4E-AE45-B037FD235DB1}.Release|Any CPU.Build.0 = Release|Any CPU
	EndGlobalSection
	GlobalSection(SolutionProperties) = preSolution
		HideSolutionNode = FALSE
	EndGlobalSection
	GlobalSection(ExtensibilityGlobals) = postSolution
		SolutionGuid = {9347BBA6-8EE2-4D48-9A1C-9566A5DB608B}
	EndGlobalSection
EndGlobal
